// !$*UTF8*$!
{
	archiveVersion = 1;
	classes = {
	};
	objectVersion = 46;
	objects = {

/* Begin PBXBuildFile section */
		77635E844BFB4C84BB2FCD64 /* libPods-WhatWeather.a in Frameworks */ = {isa = PBXBuildFile; fileRef = E3962B4CA3B84ADB93EE8EDC /* libPods-WhatWeather.a */; };
		7D27DB7B1955BCDA005F97CF /* CYPWeatherInfoParser.m in Sources */ = {isa = PBXBuildFile; fileRef = 7D27DB7A1955BCDA005F97CF /* CYPWeatherInfoParser.m */; };
		7D27DB7C1955BCDA005F97CF /* CYPWeatherInfoParser.m in Sources */ = {isa = PBXBuildFile; fileRef = 7D27DB7A1955BCDA005F97CF /* CYPWeatherInfoParser.m */; };
		BE3A699819551C80007EAD39 /* Foundation.framework in Frameworks */ = {isa = PBXBuildFile; fileRef = BE3A699719551C80007EAD39 /* Foundation.framework */; };
		BE3A699A19551C80007EAD39 /* CoreGraphics.framework in Frameworks */ = {isa = PBXBuildFile; fileRef = BE3A699919551C80007EAD39 /* CoreGraphics.framework */; };
		BE3A699C19551C80007EAD39 /* UIKit.framework in Frameworks */ = {isa = PBXBuildFile; fileRef = BE3A699B19551C80007EAD39 /* UIKit.framework */; };
		BE3A69A219551C80007EAD39 /* InfoPlist.strings in Resources */ = {isa = PBXBuildFile; fileRef = BE3A69A019551C80007EAD39 /* InfoPlist.strings */; };
		BE3A69A419551C80007EAD39 /* main.m in Sources */ = {isa = PBXBuildFile; fileRef = BE3A69A319551C80007EAD39 /* main.m */; };
		BE3A69A819551C80007EAD39 /* CYPAppDelegate.m in Sources */ = {isa = PBXBuildFile; fileRef = BE3A69A719551C80007EAD39 /* CYPAppDelegate.m */; };
		BE3A69AB19551C81007EAD39 /* Main.storyboard in Resources */ = {isa = PBXBuildFile; fileRef = BE3A69A919551C81007EAD39 /* Main.storyboard */; };
		BE3A69AE19551C81007EAD39 /* CYPViewController.m in Sources */ = {isa = PBXBuildFile; fileRef = BE3A69AD19551C81007EAD39 /* CYPViewController.m */; };
		BE3A69B019551C81007EAD39 /* Images.xcassets in Resources */ = {isa = PBXBuildFile; fileRef = BE3A69AF19551C81007EAD39 /* Images.xcassets */; };
		BE3A69B719551C81007EAD39 /* XCTest.framework in Frameworks */ = {isa = PBXBuildFile; fileRef = BE3A69B619551C81007EAD39 /* XCTest.framework */; };
		BE3A69B819551C81007EAD39 /* Foundation.framework in Frameworks */ = {isa = PBXBuildFile; fileRef = BE3A699719551C80007EAD39 /* Foundation.framework */; };
		BE3A69B919551C81007EAD39 /* UIKit.framework in Frameworks */ = {isa = PBXBuildFile; fileRef = BE3A699B19551C80007EAD39 /* UIKit.framework */; };
		BE3A69C119551C81007EAD39 /* InfoPlist.strings in Resources */ = {isa = PBXBuildFile; fileRef = BE3A69BF19551C81007EAD39 /* InfoPlist.strings */; };
		BE3A69C319551C81007EAD39 /* WhatWeatherTests.m in Sources */ = {isa = PBXBuildFile; fileRef = BE3A69C219551C81007EAD39 /* WhatWeatherTests.m */; };
		BE649BB519554ECD0010FA26 /* CYPNowViewController.m in Sources */ = {isa = PBXBuildFile; fileRef = BE649BB419554ECD0010FA26 /* CYPNowViewController.m */; };
		BE649BB619554ECD0010FA26 /* CYPNowViewController.m in Sources */ = {isa = PBXBuildFile; fileRef = BE649BB419554ECD0010FA26 /* CYPNowViewController.m */; };
		BE649BB919554EEE0010FA26 /* CYPWeeklyTableViewController.m in Sources */ = {isa = PBXBuildFile; fileRef = BE649BB819554EEE0010FA26 /* CYPWeeklyTableViewController.m */; };
		BE649BBA19554EEE0010FA26 /* CYPWeeklyTableViewController.m in Sources */ = {isa = PBXBuildFile; fileRef = BE649BB819554EEE0010FA26 /* CYPWeeklyTableViewController.m */; };
		BE649BC11955510B0010FA26 /* CYPForcastIOManager.m in Sources */ = {isa = PBXBuildFile; fileRef = BE649BC01955510B0010FA26 /* CYPForcastIOManager.m */; };
		BE649BC21955510B0010FA26 /* CYPForcastIOManager.m in Sources */ = {isa = PBXBuildFile; fileRef = BE649BC01955510B0010FA26 /* CYPForcastIOManager.m */; };
		BE649BC519555A590010FA26 /* CYPMainViewController.m in Sources */ = {isa = PBXBuildFile; fileRef = BE649BC419555A590010FA26 /* CYPMainViewController.m */; };
		BE649BC619555A590010FA26 /* CYPMainViewController.m in Sources */ = {isa = PBXBuildFile; fileRef = BE649BC419555A590010FA26 /* CYPMainViewController.m */; };
		BE649BC819555B530010FA26 /* CoreLocation.framework in Frameworks */ = {isa = PBXBuildFile; fileRef = BE649BC719555B530010FA26 /* CoreLocation.framework */; };
		BE649BCC1955668C0010FA26 /* WeatherInfo.m in Sources */ = {isa = PBXBuildFile; fileRef = BE649BCB1955668C0010FA26 /* WeatherInfo.m */; };
		BE649BCD1955668C0010FA26 /* WeatherInfo.m in Sources */ = {isa = PBXBuildFile; fileRef = BE649BCB1955668C0010FA26 /* WeatherInfo.m */; };
		BE649BD0195566AF0010FA26 /* NowWeather.m in Sources */ = {isa = PBXBuildFile; fileRef = BE649BCF195566AF0010FA26 /* NowWeather.m */; };
		BE649BD1195566AF0010FA26 /* NowWeather.m in Sources */ = {isa = PBXBuildFile; fileRef = BE649BCF195566AF0010FA26 /* NowWeather.m */; };
		BE649BD4195566FF0010FA26 /* HourlyWeather.m in Sources */ = {isa = PBXBuildFile; fileRef = BE649BD3195566FF0010FA26 /* HourlyWeather.m */; };
		BE649BD5195566FF0010FA26 /* HourlyWeather.m in Sources */ = {isa = PBXBuildFile; fileRef = BE649BD3195566FF0010FA26 /* HourlyWeather.m */; };
		BE649BD8195567150010FA26 /* DailyWeather.m in Sources */ = {isa = PBXBuildFile; fileRef = BE649BD7195567150010FA26 /* DailyWeather.m */; };
		BE649BD9195567150010FA26 /* DailyWeather.m in Sources */ = {isa = PBXBuildFile; fileRef = BE649BD7195567150010FA26 /* DailyWeather.m */; };
		BE649BE0195571840010FA26 /* PeriodWeatherInfo.m in Sources */ = {isa = PBXBuildFile; fileRef = BE649BDF195571840010FA26 /* PeriodWeatherInfo.m */; };
		BE649BE1195571840010FA26 /* PeriodWeatherInfo.m in Sources */ = {isa = PBXBuildFile; fileRef = BE649BDF195571840010FA26 /* PeriodWeatherInfo.m */; };
		BE649BE4195571B30010FA26 /* BasicWeatherInfo.m in Sources */ = {isa = PBXBuildFile; fileRef = BE649BE3195571B30010FA26 /* BasicWeatherInfo.m */; };
		BE649BE5195571B30010FA26 /* BasicWeatherInfo.m in Sources */ = {isa = PBXBuildFile; fileRef = BE649BE3195571B30010FA26 /* BasicWeatherInfo.m */; };
		BE649BE819567B330010FA26 /* CYPIconImage.m in Sources */ = {isa = PBXBuildFile; fileRef = BE649BE719567B330010FA26 /* CYPIconImage.m */; };
		BE649BE919567B330010FA26 /* CYPIconImage.m in Sources */ = {isa = PBXBuildFile; fileRef = BE649BE719567B330010FA26 /* CYPIconImage.m */; };
		BE649BF1195694D60010FA26 /* CYPHourlyWeathersViewController.m in Sources */ = {isa = PBXBuildFile; fileRef = BE649BF0195694D60010FA26 /* CYPHourlyWeathersViewController.m */; };
		BE649BF2195694D60010FA26 /* CYPHourlyWeathersViewController.m in Sources */ = {isa = PBXBuildFile; fileRef = BE649BF0195694D60010FA26 /* CYPHourlyWeathersViewController.m */; };
		BE649BF6195696E40010FA26 /* CYPHourlyWeatherCollectionCell.m in Sources */ = {isa = PBXBuildFile; fileRef = BE649BF5195696E40010FA26 /* CYPHourlyWeatherCollectionCell.m */; };
		BE649BF7195696E40010FA26 /* CYPHourlyWeatherCollectionCell.m in Sources */ = {isa = PBXBuildFile; fileRef = BE649BF5195696E40010FA26 /* CYPHourlyWeatherCollectionCell.m */; };
/* End PBXBuildFile section */

/* Begin PBXContainerItemProxy section */
		BE3A69BA19551C81007EAD39 /* PBXContainerItemProxy */ = {
			isa = PBXContainerItemProxy;
			containerPortal = BE3A698C19551C80007EAD39 /* Project object */;
			proxyType = 1;
			remoteGlobalIDString = BE3A699319551C80007EAD39;
			remoteInfo = WhatWeather;
		};
/* End PBXContainerItemProxy section */

/* Begin PBXFileReference section */
		7D27DB791955BCDA005F97CF /* CYPWeatherInfoParser.h */ = {isa = PBXFileReference; fileEncoding = 4; lastKnownFileType = sourcecode.c.h; path = CYPWeatherInfoParser.h; sourceTree = "<group>"; };
		7D27DB7A1955BCDA005F97CF /* CYPWeatherInfoParser.m */ = {isa = PBXFileReference; fileEncoding = 4; lastKnownFileType = sourcecode.c.objc; path = CYPWeatherInfoParser.m; sourceTree = "<group>"; };
		BE3A699419551C80007EAD39 /* WhatWeather.app */ = {isa = PBXFileReference; explicitFileType = wrapper.application; includeInIndex = 0; path = WhatWeather.app; sourceTree = BUILT_PRODUCTS_DIR; };
		BE3A699719551C80007EAD39 /* Foundation.framework */ = {isa = PBXFileReference; lastKnownFileType = wrapper.framework; name = Foundation.framework; path = System/Library/Frameworks/Foundation.framework; sourceTree = SDKROOT; };
		BE3A699919551C80007EAD39 /* CoreGraphics.framework */ = {isa = PBXFileReference; lastKnownFileType = wrapper.framework; name = CoreGraphics.framework; path = System/Library/Frameworks/CoreGraphics.framework; sourceTree = SDKROOT; };
		BE3A699B19551C80007EAD39 /* UIKit.framework */ = {isa = PBXFileReference; lastKnownFileType = wrapper.framework; name = UIKit.framework; path = System/Library/Frameworks/UIKit.framework; sourceTree = SDKROOT; };
		BE3A699F19551C80007EAD39 /* WhatWeather-Info.plist */ = {isa = PBXFileReference; lastKnownFileType = text.plist.xml; path = "WhatWeather-Info.plist"; sourceTree = "<group>"; };
		BE3A69A119551C80007EAD39 /* en */ = {isa = PBXFileReference; lastKnownFileType = text.plist.strings; name = en; path = en.lproj/InfoPlist.strings; sourceTree = "<group>"; };
		BE3A69A319551C80007EAD39 /* main.m */ = {isa = PBXFileReference; lastKnownFileType = sourcecode.c.objc; path = main.m; sourceTree = "<group>"; };
		BE3A69A519551C80007EAD39 /* WhatWeather-Prefix.pch */ = {isa = PBXFileReference; lastKnownFileType = sourcecode.c.h; path = "WhatWeather-Prefix.pch"; sourceTree = "<group>"; };
		BE3A69A619551C80007EAD39 /* CYPAppDelegate.h */ = {isa = PBXFileReference; lastKnownFileType = sourcecode.c.h; path = CYPAppDelegate.h; sourceTree = "<group>"; };
		BE3A69A719551C80007EAD39 /* CYPAppDelegate.m */ = {isa = PBXFileReference; lastKnownFileType = sourcecode.c.objc; path = CYPAppDelegate.m; sourceTree = "<group>"; };
		BE3A69AA19551C81007EAD39 /* Base */ = {isa = PBXFileReference; lastKnownFileType = file.storyboard; name = Base; path = Base.lproj/Main.storyboard; sourceTree = "<group>"; };
		BE3A69AC19551C81007EAD39 /* CYPViewController.h */ = {isa = PBXFileReference; lastKnownFileType = sourcecode.c.h; path = CYPViewController.h; sourceTree = "<group>"; };
		BE3A69AD19551C81007EAD39 /* CYPViewController.m */ = {isa = PBXFileReference; lastKnownFileType = sourcecode.c.objc; path = CYPViewController.m; sourceTree = "<group>"; };
		BE3A69AF19551C81007EAD39 /* Images.xcassets */ = {isa = PBXFileReference; lastKnownFileType = folder.assetcatalog; path = Images.xcassets; sourceTree = "<group>"; };
		BE3A69B519551C81007EAD39 /* WhatWeatherTests.xctest */ = {isa = PBXFileReference; explicitFileType = wrapper.cfbundle; includeInIndex = 0; path = WhatWeatherTests.xctest; sourceTree = BUILT_PRODUCTS_DIR; };
		BE3A69B619551C81007EAD39 /* XCTest.framework */ = {isa = PBXFileReference; lastKnownFileType = wrapper.framework; name = XCTest.framework; path = Library/Frameworks/XCTest.framework; sourceTree = DEVELOPER_DIR; };
		BE3A69BE19551C81007EAD39 /* WhatWeatherTests-Info.plist */ = {isa = PBXFileReference; lastKnownFileType = text.plist.xml; path = "WhatWeatherTests-Info.plist"; sourceTree = "<group>"; };
		BE3A69C019551C81007EAD39 /* en */ = {isa = PBXFileReference; lastKnownFileType = text.plist.strings; name = en; path = en.lproj/InfoPlist.strings; sourceTree = "<group>"; };
		BE3A69C219551C81007EAD39 /* WhatWeatherTests.m */ = {isa = PBXFileReference; lastKnownFileType = sourcecode.c.objc; path = WhatWeatherTests.m; sourceTree = "<group>"; };
		BE649BB319554ECD0010FA26 /* CYPNowViewController.h */ = {isa = PBXFileReference; fileEncoding = 4; lastKnownFileType = sourcecode.c.h; path = CYPNowViewController.h; sourceTree = "<group>"; };
		BE649BB419554ECD0010FA26 /* CYPNowViewController.m */ = {isa = PBXFileReference; fileEncoding = 4; lastKnownFileType = sourcecode.c.objc; path = CYPNowViewController.m; sourceTree = "<group>"; };
		BE649BB719554EEE0010FA26 /* CYPWeeklyTableViewController.h */ = {isa = PBXFileReference; fileEncoding = 4; lastKnownFileType = sourcecode.c.h; path = CYPWeeklyTableViewController.h; sourceTree = "<group>"; };
		BE649BB819554EEE0010FA26 /* CYPWeeklyTableViewController.m */ = {isa = PBXFileReference; fileEncoding = 4; lastKnownFileType = sourcecode.c.objc; path = CYPWeeklyTableViewController.m; sourceTree = "<group>"; };
		BE649BBF1955510B0010FA26 /* CYPForcastIOManager.h */ = {isa = PBXFileReference; fileEncoding = 4; lastKnownFileType = sourcecode.c.h; path = CYPForcastIOManager.h; sourceTree = "<group>"; };
		BE649BC01955510B0010FA26 /* CYPForcastIOManager.m */ = {isa = PBXFileReference; fileEncoding = 4; lastKnownFileType = sourcecode.c.objc; path = CYPForcastIOManager.m; sourceTree = "<group>"; };
		BE649BC319555A590010FA26 /* CYPMainViewController.h */ = {isa = PBXFileReference; fileEncoding = 4; lastKnownFileType = sourcecode.c.h; path = CYPMainViewController.h; sourceTree = "<group>"; };
		BE649BC419555A590010FA26 /* CYPMainViewController.m */ = {isa = PBXFileReference; fileEncoding = 4; lastKnownFileType = sourcecode.c.objc; path = CYPMainViewController.m; sourceTree = "<group>"; };
		BE649BC719555B530010FA26 /* CoreLocation.framework */ = {isa = PBXFileReference; lastKnownFileType = wrapper.framework; name = CoreLocation.framework; path = System/Library/Frameworks/CoreLocation.framework; sourceTree = SDKROOT; };
		BE649BCA1955668C0010FA26 /* WeatherInfo.h */ = {isa = PBXFileReference; fileEncoding = 4; lastKnownFileType = sourcecode.c.h; path = WeatherInfo.h; sourceTree = "<group>"; };
		BE649BCB1955668C0010FA26 /* WeatherInfo.m */ = {isa = PBXFileReference; fileEncoding = 4; lastKnownFileType = sourcecode.c.objc; path = WeatherInfo.m; sourceTree = "<group>"; };
		BE649BCE195566AF0010FA26 /* NowWeather.h */ = {isa = PBXFileReference; fileEncoding = 4; lastKnownFileType = sourcecode.c.h; path = NowWeather.h; sourceTree = "<group>"; };
		BE649BCF195566AF0010FA26 /* NowWeather.m */ = {isa = PBXFileReference; fileEncoding = 4; lastKnownFileType = sourcecode.c.objc; path = NowWeather.m; sourceTree = "<group>"; };
		BE649BD2195566FF0010FA26 /* HourlyWeather.h */ = {isa = PBXFileReference; fileEncoding = 4; lastKnownFileType = sourcecode.c.h; path = HourlyWeather.h; sourceTree = "<group>"; };
		BE649BD3195566FF0010FA26 /* HourlyWeather.m */ = {isa = PBXFileReference; fileEncoding = 4; lastKnownFileType = sourcecode.c.objc; path = HourlyWeather.m; sourceTree = "<group>"; };
		BE649BD6195567150010FA26 /* DailyWeather.h */ = {isa = PBXFileReference; fileEncoding = 4; lastKnownFileType = sourcecode.c.h; path = DailyWeather.h; sourceTree = "<group>"; };
		BE649BD7195567150010FA26 /* DailyWeather.m */ = {isa = PBXFileReference; fileEncoding = 4; lastKnownFileType = sourcecode.c.objc; path = DailyWeather.m; sourceTree = "<group>"; };
		BE649BDE195571840010FA26 /* PeriodWeatherInfo.h */ = {isa = PBXFileReference; fileEncoding = 4; lastKnownFileType = sourcecode.c.h; path = PeriodWeatherInfo.h; sourceTree = "<group>"; };
		BE649BDF195571840010FA26 /* PeriodWeatherInfo.m */ = {isa = PBXFileReference; fileEncoding = 4; lastKnownFileType = sourcecode.c.objc; path = PeriodWeatherInfo.m; sourceTree = "<group>"; };
		BE649BE2195571B30010FA26 /* BasicWeatherInfo.h */ = {isa = PBXFileReference; fileEncoding = 4; lastKnownFileType = sourcecode.c.h; path = BasicWeatherInfo.h; sourceTree = "<group>"; };
		BE649BE3195571B30010FA26 /* BasicWeatherInfo.m */ = {isa = PBXFileReference; fileEncoding = 4; lastKnownFileType = sourcecode.c.objc; path = BasicWeatherInfo.m; sourceTree = "<group>"; };
		BE649BE619567B330010FA26 /* CYPIconImage.h */ = {isa = PBXFileReference; fileEncoding = 4; lastKnownFileType = sourcecode.c.h; path = CYPIconImage.h; sourceTree = "<group>"; };
		BE649BE719567B330010FA26 /* CYPIconImage.m */ = {isa = PBXFileReference; fileEncoding = 4; lastKnownFileType = sourcecode.c.objc; path = CYPIconImage.m; sourceTree = "<group>"; };
		BE649BEE19567C8F0010FA26 /* WeatherTypesSharedHeader.h */ = {isa = PBXFileReference; fileEncoding = 4; lastKnownFileType = sourcecode.c.h; path = WeatherTypesSharedHeader.h; sourceTree = "<group>"; };
		BE649BEF195694D60010FA26 /* CYPHourlyWeathersViewController.h */ = {isa = PBXFileReference; fileEncoding = 4; lastKnownFileType = sourcecode.c.h; path = CYPHourlyWeathersViewController.h; sourceTree = "<group>"; };
		BE649BF0195694D60010FA26 /* CYPHourlyWeathersViewController.m */ = {isa = PBXFileReference; fileEncoding = 4; lastKnownFileType = sourcecode.c.objc; path = CYPHourlyWeathersViewController.m; sourceTree = "<group>"; };
		BE649BF4195696E40010FA26 /* CYPHourlyWeatherCollectionCell.h */ = {isa = PBXFileReference; fileEncoding = 4; lastKnownFileType = sourcecode.c.h; path = CYPHourlyWeatherCollectionCell.h; sourceTree = "<group>"; };
		BE649BF5195696E40010FA26 /* CYPHourlyWeatherCollectionCell.m */ = {isa = PBXFileReference; fileEncoding = 4; lastKnownFileType = sourcecode.c.objc; path = CYPHourlyWeatherCollectionCell.m; sourceTree = "<group>"; };
		D67F5D00B22F4979879586DD /* Pods-WhatWeather.xcconfig */ = {isa = PBXFileReference; includeInIndex = 1; lastKnownFileType = text.xcconfig; name = "Pods-WhatWeather.xcconfig"; path = "Pods/Pods-WhatWeather.xcconfig"; sourceTree = "<group>"; };
		E3962B4CA3B84ADB93EE8EDC /* libPods-WhatWeather.a */ = {isa = PBXFileReference; explicitFileType = archive.ar; includeInIndex = 0; path = "libPods-WhatWeather.a"; sourceTree = BUILT_PRODUCTS_DIR; };
/* End PBXFileReference section */

/* Begin PBXFrameworksBuildPhase section */
		BE3A699119551C80007EAD39 /* Frameworks */ = {
			isa = PBXFrameworksBuildPhase;
			buildActionMask = 2147483647;
			files = (
				BE649BC819555B530010FA26 /* CoreLocation.framework in Frameworks */,
				BE3A699A19551C80007EAD39 /* CoreGraphics.framework in Frameworks */,
				BE3A699C19551C80007EAD39 /* UIKit.framework in Frameworks */,
				BE3A699819551C80007EAD39 /* Foundation.framework in Frameworks */,
				77635E844BFB4C84BB2FCD64 /* libPods-WhatWeather.a in Frameworks */,
			);
			runOnlyForDeploymentPostprocessing = 0;
		};
		BE3A69B219551C81007EAD39 /* Frameworks */ = {
			isa = PBXFrameworksBuildPhase;
			buildActionMask = 2147483647;
			files = (
				BE3A69B719551C81007EAD39 /* XCTest.framework in Frameworks */,
				BE3A69B919551C81007EAD39 /* UIKit.framework in Frameworks */,
				BE3A69B819551C81007EAD39 /* Foundation.framework in Frameworks */,
			);
			runOnlyForDeploymentPostprocessing = 0;
		};
/* End PBXFrameworksBuildPhase section */

/* Begin PBXGroup section */
		BE3A698B19551C80007EAD39 = {
			isa = PBXGroup;
			children = (
				BE3A699D19551C80007EAD39 /* WhatWeather */,
				BE3A69BC19551C81007EAD39 /* WhatWeatherTests */,
				BE3A699619551C80007EAD39 /* Frameworks */,
				BE3A699519551C80007EAD39 /* Products */,
				D67F5D00B22F4979879586DD /* Pods-WhatWeather.xcconfig */,
			);
			sourceTree = "<group>";
		};
		BE3A699519551C80007EAD39 /* Products */ = {
			isa = PBXGroup;
			children = (
				BE3A699419551C80007EAD39 /* WhatWeather.app */,
				BE3A69B519551C81007EAD39 /* WhatWeatherTests.xctest */,
			);
			name = Products;
			sourceTree = "<group>";
		};
		BE3A699619551C80007EAD39 /* Frameworks */ = {
			isa = PBXGroup;
			children = (
				BE649BC719555B530010FA26 /* CoreLocation.framework */,
				BE3A699719551C80007EAD39 /* Foundation.framework */,
				BE3A699919551C80007EAD39 /* CoreGraphics.framework */,
				BE3A699B19551C80007EAD39 /* UIKit.framework */,
				BE3A69B619551C81007EAD39 /* XCTest.framework */,
				E3962B4CA3B84ADB93EE8EDC /* libPods-WhatWeather.a */,
			);
			name = Frameworks;
			sourceTree = "<group>";
		};
		BE3A699D19551C80007EAD39 /* WhatWeather */ = {
			isa = PBXGroup;
			children = (
				BE649BC9195565EB0010FA26 /* Models */,
				BE649BB119554E9C0010FA26 /* Utils */,
				BE649BB219554E9C0010FA26 /* ViewControllers */,
				BE3A69A619551C80007EAD39 /* CYPAppDelegate.h */,
				BE3A69A719551C80007EAD39 /* CYPAppDelegate.m */,
				BE3A69A919551C81007EAD39 /* Main.storyboard */,
				BE3A69AC19551C81007EAD39 /* CYPViewController.h */,
				BE3A69AD19551C81007EAD39 /* CYPViewController.m */,
				BE3A69AF19551C81007EAD39 /* Images.xcassets */,
				BE3A699E19551C80007EAD39 /* Supporting Files */,
			);
			path = WhatWeather;
			sourceTree = "<group>";
		};
		BE3A699E19551C80007EAD39 /* Supporting Files */ = {
			isa = PBXGroup;
			children = (
				BE3A699F19551C80007EAD39 /* WhatWeather-Info.plist */,
				BE3A69A019551C80007EAD39 /* InfoPlist.strings */,
				BE3A69A319551C80007EAD39 /* main.m */,
				BE3A69A519551C80007EAD39 /* WhatWeather-Prefix.pch */,
			);
			name = "Supporting Files";
			sourceTree = "<group>";
		};
		BE3A69BC19551C81007EAD39 /* WhatWeatherTests */ = {
			isa = PBXGroup;
			children = (
				BE3A69C219551C81007EAD39 /* WhatWeatherTests.m */,
				BE3A69BD19551C81007EAD39 /* Supporting Files */,
			);
			path = WhatWeatherTests;
			sourceTree = "<group>";
		};
		BE3A69BD19551C81007EAD39 /* Supporting Files */ = {
			isa = PBXGroup;
			children = (
				BE3A69BE19551C81007EAD39 /* WhatWeatherTests-Info.plist */,
				BE3A69BF19551C81007EAD39 /* InfoPlist.strings */,
			);
			name = "Supporting Files";
			sourceTree = "<group>";
		};
		BE649BB119554E9C0010FA26 /* Utils */ = {
			isa = PBXGroup;
			children = (
				BE649BBF1955510B0010FA26 /* CYPForcastIOManager.h */,
				BE649BC01955510B0010FA26 /* CYPForcastIOManager.m */,
				7D27DB791955BCDA005F97CF /* CYPWeatherInfoParser.h */,
				7D27DB7A1955BCDA005F97CF /* CYPWeatherInfoParser.m */,
				BE649BE619567B330010FA26 /* CYPIconImage.h */,
				BE649BE719567B330010FA26 /* CYPIconImage.m */,
			);
			path = Utils;
			sourceTree = "<group>";
		};
		BE649BB219554E9C0010FA26 /* ViewControllers */ = {
			isa = PBXGroup;
			children = (
				BE649BF3195696B30010FA26 /* views */,
				BE649BB319554ECD0010FA26 /* CYPNowViewController.h */,
				BE649BB419554ECD0010FA26 /* CYPNowViewController.m */,
				BE649BB719554EEE0010FA26 /* CYPWeeklyTableViewController.h */,
				BE649BB819554EEE0010FA26 /* CYPWeeklyTableViewController.m */,
				BE649BC319555A590010FA26 /* CYPMainViewController.h */,
				BE649BC419555A590010FA26 /* CYPMainViewController.m */,
				BE649BEF195694D60010FA26 /* CYPHourlyWeathersViewController.h */,
				BE649BF0195694D60010FA26 /* CYPHourlyWeathersViewController.m */,
			);
			path = ViewControllers;
			sourceTree = "<group>";
		};
		BE649BC9195565EB0010FA26 /* Models */ = {
			isa = PBXGroup;
			children = (
				BE649BCA1955668C0010FA26 /* WeatherInfo.h */,
				BE649BCB1955668C0010FA26 /* WeatherInfo.m */,
				BE649BCE195566AF0010FA26 /* NowWeather.h */,
				BE649BCF195566AF0010FA26 /* NowWeather.m */,
				BE649BD2195566FF0010FA26 /* HourlyWeather.h */,
				BE649BD3195566FF0010FA26 /* HourlyWeather.m */,
				BE649BD6195567150010FA26 /* DailyWeather.h */,
				BE649BD7195567150010FA26 /* DailyWeather.m */,
				BE649BDE195571840010FA26 /* PeriodWeatherInfo.h */,
				BE649BDF195571840010FA26 /* PeriodWeatherInfo.m */,
				BE649BE2195571B30010FA26 /* BasicWeatherInfo.h */,
				BE649BE3195571B30010FA26 /* BasicWeatherInfo.m */,
				BE649BEE19567C8F0010FA26 /* WeatherTypesSharedHeader.h */,
			);
			path = Models;
			sourceTree = "<group>";
		};
		BE649BF3195696B30010FA26 /* views */ = {
			isa = PBXGroup;
			children = (
				BE649BF4195696E40010FA26 /* CYPHourlyWeatherCollectionCell.h */,
				BE649BF5195696E40010FA26 /* CYPHourlyWeatherCollectionCell.m */,
			);
			path = views;
			sourceTree = "<group>";
		};
/* End PBXGroup section */

/* Begin PBXNativeTarget section */
		BE3A699319551C80007EAD39 /* WhatWeather */ = {
			isa = PBXNativeTarget;
			buildConfigurationList = BE3A69C619551C81007EAD39 /* Build configuration list for PBXNativeTarget "WhatWeather" */;
			buildPhases = (
				48B94E9B3C02482C8E0E88F1 /* Check Pods Manifest.lock */,
				BE3A699019551C80007EAD39 /* Sources */,
				BE3A699119551C80007EAD39 /* Frameworks */,
				BE3A699219551C80007EAD39 /* Resources */,
				36C7312B302E437799FFE13D /* Copy Pods Resources */,
			);
			buildRules = (
			);
			dependencies = (
			);
			name = WhatWeather;
			productName = WhatWeather;
			productReference = BE3A699419551C80007EAD39 /* WhatWeather.app */;
			productType = "com.apple.product-type.application";
		};
		BE3A69B419551C81007EAD39 /* WhatWeatherTests */ = {
			isa = PBXNativeTarget;
			buildConfigurationList = BE3A69C919551C81007EAD39 /* Build configuration list for PBXNativeTarget "WhatWeatherTests" */;
			buildPhases = (
				BE3A69B119551C81007EAD39 /* Sources */,
				BE3A69B219551C81007EAD39 /* Frameworks */,
				BE3A69B319551C81007EAD39 /* Resources */,
			);
			buildRules = (
			);
			dependencies = (
				BE3A69BB19551C81007EAD39 /* PBXTargetDependency */,
			);
			name = WhatWeatherTests;
			productName = WhatWeatherTests;
			productReference = BE3A69B519551C81007EAD39 /* WhatWeatherTests.xctest */;
			productType = "com.apple.product-type.bundle.unit-test";
		};
/* End PBXNativeTarget section */

/* Begin PBXProject section */
		BE3A698C19551C80007EAD39 /* Project object */ = {
			isa = PBXProject;
			attributes = {
				CLASSPREFIX = CYP;
				LastUpgradeCheck = 0510;
				ORGANIZATIONNAME = AllRoudHut;
				TargetAttributes = {
					BE3A69B419551C81007EAD39 = {
						TestTargetID = BE3A699319551C80007EAD39;
					};
				};
			};
			buildConfigurationList = BE3A698F19551C80007EAD39 /* Build configuration list for PBXProject "WhatWeather" */;
			compatibilityVersion = "Xcode 3.2";
			developmentRegion = English;
			hasScannedForEncodings = 0;
			knownRegions = (
				en,
				Base,
			);
			mainGroup = BE3A698B19551C80007EAD39;
			productRefGroup = BE3A699519551C80007EAD39 /* Products */;
			projectDirPath = "";
			projectRoot = "";
			targets = (
				BE3A699319551C80007EAD39 /* WhatWeather */,
				BE3A69B419551C81007EAD39 /* WhatWeatherTests */,
			);
		};
/* End PBXProject section */

/* Begin PBXResourcesBuildPhase section */
		BE3A699219551C80007EAD39 /* Resources */ = {
			isa = PBXResourcesBuildPhase;
			buildActionMask = 2147483647;
			files = (
				BE3A69B019551C81007EAD39 /* Images.xcassets in Resources */,
				BE3A69A219551C80007EAD39 /* InfoPlist.strings in Resources */,
				BE3A69AB19551C81007EAD39 /* Main.storyboard in Resources */,
			);
			runOnlyForDeploymentPostprocessing = 0;
		};
		BE3A69B319551C81007EAD39 /* Resources */ = {
			isa = PBXResourcesBuildPhase;
			buildActionMask = 2147483647;
			files = (
				BE3A69C119551C81007EAD39 /* InfoPlist.strings in Resources */,
			);
			runOnlyForDeploymentPostprocessing = 0;
		};
/* End PBXResourcesBuildPhase section */

/* Begin PBXShellScriptBuildPhase section */
		36C7312B302E437799FFE13D /* Copy Pods Resources */ = {
			isa = PBXShellScriptBuildPhase;
			buildActionMask = 2147483647;
			files = (
			);
			inputPaths = (
			);
			name = "Copy Pods Resources";
			outputPaths = (
			);
			runOnlyForDeploymentPostprocessing = 0;
			shellPath = /bin/sh;
			shellScript = "\"${SRCROOT}/Pods/Pods-WhatWeather-resources.sh\"\n";
			showEnvVarsInLog = 0;
		};
		48B94E9B3C02482C8E0E88F1 /* Check Pods Manifest.lock */ = {
			isa = PBXShellScriptBuildPhase;
			buildActionMask = 2147483647;
			files = (
			);
			inputPaths = (
			);
			name = "Check Pods Manifest.lock";
			outputPaths = (
			);
			runOnlyForDeploymentPostprocessing = 0;
			shellPath = /bin/sh;
			shellScript = "diff \"${PODS_ROOT}/../Podfile.lock\" \"${PODS_ROOT}/Manifest.lock\" > /dev/null\nif [[ $? != 0 ]] ; then\n    cat << EOM\nerror: The sandbox is not in sync with the Podfile.lock. Run 'pod install' or update your CocoaPods installation.\nEOM\n    exit 1\nfi\n";
			showEnvVarsInLog = 0;
		};
/* End PBXShellScriptBuildPhase section */

/* Begin PBXSourcesBuildPhase section */
		BE3A699019551C80007EAD39 /* Sources */ = {
			isa = PBXSourcesBuildPhase;
			buildActionMask = 2147483647;
			files = (
				BE649BB519554ECD0010FA26 /* CYPNowViewController.m in Sources */,
				BE649BE819567B330010FA26 /* CYPIconImage.m in Sources */,
				BE649BE4195571B30010FA26 /* BasicWeatherInfo.m in Sources */,
				BE649BE0195571840010FA26 /* PeriodWeatherInfo.m in Sources */,
				BE649BF6195696E40010FA26 /* CYPHourlyWeatherCollectionCell.m in Sources */,
				BE649BC11955510B0010FA26 /* CYPForcastIOManager.m in Sources */,
				BE649BC519555A590010FA26 /* CYPMainViewController.m in Sources */,
				BE649BD0195566AF0010FA26 /* NowWeather.m in Sources */,
				BE649BD8195567150010FA26 /* DailyWeather.m in Sources */,
				7D27DB7B1955BCDA005F97CF /* CYPWeatherInfoParser.m in Sources */,
				BE3A69A419551C80007EAD39 /* main.m in Sources */,
				BE3A69AE19551C81007EAD39 /* CYPViewController.m in Sources */,
				BE3A69A819551C80007EAD39 /* CYPAppDelegate.m in Sources */,
				BE649BCC1955668C0010FA26 /* WeatherInfo.m in Sources */,
				BE649BB919554EEE0010FA26 /* CYPWeeklyTableViewController.m in Sources */,
				BE649BD4195566FF0010FA26 /* HourlyWeather.m in Sources */,
				BE649BF1195694D60010FA26 /* CYPHourlyWeathersViewController.m in Sources */,
			);
			runOnlyForDeploymentPostprocessing = 0;
		};
		BE3A69B119551C81007EAD39 /* Sources */ = {
			isa = PBXSourcesBuildPhase;
			buildActionMask = 2147483647;
			files = (
				BE649BD9195567150010FA26 /* DailyWeather.m in Sources */,
				BE649BC21955510B0010FA26 /* CYPForcastIOManager.m in Sources */,
				7D27DB7C1955BCDA005F97CF /* CYPWeatherInfoParser.m in Sources */,
				BE649BE5195571B30010FA26 /* BasicWeatherInfo.m in Sources */,
				BE649BBA19554EEE0010FA26 /* CYPWeeklyTableViewController.m in Sources */,
				BE649BC619555A590010FA26 /* CYPMainViewController.m in Sources */,
				BE649BD1195566AF0010FA26 /* NowWeather.m in Sources */,
				BE649BE919567B330010FA26 /* CYPIconImage.m in Sources */,
				BE649BF7195696E40010FA26 /* CYPHourlyWeatherCollectionCell.m in Sources */,
				BE649BCD1955668C0010FA26 /* WeatherInfo.m in Sources */,
				BE649BB619554ECD0010FA26 /* CYPNowViewController.m in Sources */,
				BE3A69C319551C81007EAD39 /* WhatWeatherTests.m in Sources */,
				BE649BE1195571840010FA26 /* PeriodWeatherInfo.m in Sources */,
				BE649BF2195694D60010FA26 /* CYPHourlyWeathersViewController.m in Sources */,
				BE649BD5195566FF0010FA26 /* HourlyWeather.m in Sources */,
			);
			runOnlyForDeploymentPostprocessing = 0;
		};
/* End PBXSourcesBuildPhase section */

/* Begin PBXTargetDependency section */
		BE3A69BB19551C81007EAD39 /* PBXTargetDependency */ = {
			isa = PBXTargetDependency;
			target = BE3A699319551C80007EAD39 /* WhatWeather */;
			targetProxy = BE3A69BA19551C81007EAD39 /* PBXContainerItemProxy */;
		};
/* End PBXTargetDependency section */

/* Begin PBXVariantGroup section */
		BE3A69A019551C80007EAD39 /* InfoPlist.strings */ = {
			isa = PBXVariantGroup;
			children = (
				BE3A69A119551C80007EAD39 /* en */,
			);
			name = InfoPlist.strings;
			sourceTree = "<group>";
		};
		BE3A69A919551C81007EAD39 /* Main.storyboard */ = {
			isa = PBXVariantGroup;
			children = (
				BE3A69AA19551C81007EAD39 /* Base */,
			);
			name = Main.storyboard;
			sourceTree = "<group>";
		};
		BE3A69BF19551C81007EAD39 /* InfoPlist.strings */ = {
			isa = PBXVariantGroup;
			children = (
				BE3A69C019551C81007EAD39 /* en */,
			);
			name = InfoPlist.strings;
			sourceTree = "<group>";
		};
/* End PBXVariantGroup section */

/* Begin XCBuildConfiguration section */
		BE3A69C419551C81007EAD39 /* Debug */ = {
			isa = XCBuildConfiguration;
			buildSettings = {
				ALWAYS_SEARCH_USER_PATHS = NO;
				CLANG_CXX_LANGUAGE_STANDARD = "gnu++0x";
				CLANG_CXX_LIBRARY = "libc++";
				CLANG_ENABLE_MODULES = YES;
				CLANG_ENABLE_OBJC_ARC = YES;
				CLANG_WARN_BOOL_CONVERSION = YES;
				CLANG_WARN_CONSTANT_CONVERSION = YES;
				CLANG_WARN_DIRECT_OBJC_ISA_USAGE = YES_ERROR;
				CLANG_WARN_EMPTY_BODY = YES;
				CLANG_WARN_ENUM_CONVERSION = YES;
				CLANG_WARN_INT_CONVERSION = YES;
				CLANG_WARN_OBJC_ROOT_CLASS = YES_ERROR;
				CLANG_WARN__DUPLICATE_METHOD_MATCH = YES;
				"CODE_SIGN_IDENTITY[sdk=iphoneos*]" = "iPhone Developer";
				COPY_PHASE_STRIP = NO;
				GCC_C_LANGUAGE_STANDARD = gnu99;
				GCC_DYNAMIC_NO_PIC = NO;
				GCC_OPTIMIZATION_LEVEL = 0;
				GCC_PREPROCESSOR_DEFINITIONS = (
					"DEBUG=1",
					"$(inherited)",
				);
				GCC_SYMBOLS_PRIVATE_EXTERN = NO;
				GCC_WARN_64_TO_32_BIT_CONVERSION = YES;
				GCC_WARN_ABOUT_RETURN_TYPE = YES_ERROR;
				GCC_WARN_UNDECLARED_SELECTOR = YES;
				GCC_WARN_UNINITIALIZED_AUTOS = YES_AGGRESSIVE;
				GCC_WARN_UNUSED_FUNCTION = YES;
				GCC_WARN_UNUSED_VARIABLE = YES;
				IPHONEOS_DEPLOYMENT_TARGET = 7.1;
				ONLY_ACTIVE_ARCH = YES;
				SDKROOT = iphoneos;
			};
			name = Debug;
		};
		BE3A69C519551C81007EAD39 /* Release */ = {
			isa = XCBuildConfiguration;
			buildSettings = {
				ALWAYS_SEARCH_USER_PATHS = NO;
				CLANG_CXX_LANGUAGE_STANDARD = "gnu++0x";
				CLANG_CXX_LIBRARY = "libc++";
				CLANG_ENABLE_MODULES = YES;
				CLANG_ENABLE_OBJC_ARC = YES;
				CLANG_WARN_BOOL_CONVERSION = YES;
				CLANG_WARN_CONSTANT_CONVERSION = YES;
				CLANG_WARN_DIRECT_OBJC_ISA_USAGE = YES_ERROR;
				CLANG_WARN_EMPTY_BODY = YES;
				CLANG_WARN_ENUM_CONVERSION = YES;
				CLANG_WARN_INT_CONVERSION = YES;
				CLANG_WARN_OBJC_ROOT_CLASS = YES_ERROR;
				CLANG_WARN__DUPLICATE_METHOD_MATCH = YES;
				"CODE_SIGN_IDENTITY[sdk=iphoneos*]" = "iPhone Developer";
				COPY_PHASE_STRIP = YES;
				ENABLE_NS_ASSERTIONS = NO;
				GCC_C_LANGUAGE_STANDARD = gnu99;
				GCC_WARN_64_TO_32_BIT_CONVERSION = YES;
				GCC_WARN_ABOUT_RETURN_TYPE = YES_ERROR;
				GCC_WARN_UNDECLARED_SELECTOR = YES;
				GCC_WARN_UNINITIALIZED_AUTOS = YES_AGGRESSIVE;
				GCC_WARN_UNUSED_FUNCTION = YES;
				GCC_WARN_UNUSED_VARIABLE = YES;
				IPHONEOS_DEPLOYMENT_TARGET = 7.1;
				SDKROOT = iphoneos;
				VALIDATE_PRODUCT = YES;
			};
			name = Release;
		};
		BE3A69C719551C81007EAD39 /* Debug */ = {
			isa = XCBuildConfiguration;
			baseConfigurationReference = D67F5D00B22F4979879586DD /* Pods-WhatWeather.xcconfig */;
			buildSettings = {
				ASSETCATALOG_COMPILER_APPICON_NAME = AppIcon;
				ASSETCATALOG_COMPILER_LAUNCHIMAGE_NAME = LaunchImage;
				GCC_PRECOMPILE_PREFIX_HEADER = YES;
				GCC_PREFIX_HEADER = "WhatWeather/WhatWeather-Prefix.pch";
				INFOPLIST_FILE = "WhatWeather/WhatWeather-Info.plist";
				PRODUCT_NAME = "$(TARGET_NAME)";
				WRAPPER_EXTENSION = app;
			};
			name = Debug;
		};
		BE3A69C819551C81007EAD39 /* Release */ = {
			isa = XCBuildConfiguration;
			baseConfigurationReference = D67F5D00B22F4979879586DD /* Pods-WhatWeather.xcconfig */;
			buildSettings = {
				ASSETCATALOG_COMPILER_APPICON_NAME = AppIcon;
				ASSETCATALOG_COMPILER_LAUNCHIMAGE_NAME = LaunchImage;
				GCC_PRECOMPILE_PREFIX_HEADER = YES;
				GCC_PREFIX_HEADER = "WhatWeather/WhatWeather-Prefix.pch";
				INFOPLIST_FILE = "WhatWeather/WhatWeather-Info.plist";
				PRODUCT_NAME = "$(TARGET_NAME)";
				WRAPPER_EXTENSION = app;
			};
			name = Release;
		};
		BE3A69CA19551C81007EAD39 /* Debug */ = {
			isa = XCBuildConfiguration;
			buildSettings = {
				BUNDLE_LOADER = "$(BUILT_PRODUCTS_DIR)/WhatWeather.app/WhatWeather";
				FRAMEWORK_SEARCH_PATHS = (
					"$(SDKROOT)/Developer/Library/Frameworks",
					"$(inherited)",
					"$(DEVELOPER_FRAMEWORKS_DIR)",
				);
				GCC_PRECOMPILE_PREFIX_HEADER = YES;
				GCC_PREFIX_HEADER = "WhatWeather/WhatWeather-Prefix.pch";
				GCC_PREPROCESSOR_DEFINITIONS = (
					"DEBUG=1",
					"$(inherited)",
				);
				INFOPLIST_FILE = "WhatWeatherTests/WhatWeatherTests-Info.plist";
				PRODUCT_NAME = "$(TARGET_NAME)";
				TEST_HOST = "$(BUNDLE_LOADER)";
				WRAPPER_EXTENSION = xctest;
			};
			name = Debug;
		};
		BE3A69CB19551C81007EAD39 /* Release */ = {
			isa = XCBuildConfiguration;
			buildSettings = {
				BUNDLE_LOADER = "$(BUILT_PRODUCTS_DIR)/WhatWeather.app/WhatWeather";
				FRAMEWORK_SEARCH_PATHS = (
					"$(SDKROOT)/Developer/Library/Frameworks",
					"$(inherited)",
					"$(DEVELOPER_FRAMEWORKS_DIR)",
				);
				GCC_PRECOMPILE_PREFIX_HEADER = YES;
				GCC_PREFIX_HEADER = "WhatWeather/WhatWeather-Prefix.pch";
				INFOPLIST_FILE = "WhatWeatherTests/WhatWeatherTests-Info.plist";
				PRODUCT_NAME = "$(TARGET_NAME)";
				TEST_HOST = "$(BUNDLE_LOADER)";
				WRAPPER_EXTENSION = xctest;
			};
			name = Release;
		};
/* End XCBuildConfiguration section */

/* Begin XCConfigurationList section */
		BE3A698F19551C80007EAD39 /* Build configuration list for PBXProject "WhatWeather" */ = {
			isa = XCConfigurationList;
			buildConfigurations = (
				BE3A69C419551C81007EAD39 /* Debug */,
				BE3A69C519551C81007EAD39 /* Release */,
			);
			defaultConfigurationIsVisible = 0;
			defaultConfigurationName = Release;
		};
		BE3A69C619551C81007EAD39 /* Build configuration list for PBXNativeTarget "WhatWeather" */ = {
			isa = XCConfigurationList;
			buildConfigurations = (
				BE3A69C719551C81007EAD39 /* Debug */,
				BE3A69C819551C81007EAD39 /* Release */,
			);
			defaultConfigurationIsVisible = 0;
			defaultConfigurationName = Release;
		};
		BE3A69C919551C81007EAD39 /* Build configuration list for PBXNativeTarget "WhatWeatherTests" */ = {
			isa = XCConfigurationList;
			buildConfigurations = (
				BE3A69CA19551C81007EAD39 /* Debug */,
				BE3A69CB19551C81007EAD39 /* Release */,
			);
			defaultConfigurationIsVisible = 0;
			defaultConfigurationName = Release;
		};
/* End XCConfigurationList section */
	};
	rootObject = BE3A698C19551C80007EAD39 /* Project object */;
}
